uuid: f6c91758-f93d-434e-b239-b251530d1b2e
langcode: en
status: false
dependencies:
  config:
    - contact.form.feedback
  module:
    - contact_block
    - system
  theme:
    - hcode_dcc19
id: contactblock
theme: hcode_dcc19
region: content
weight: 3
provider: null
plugin: contact_block
settings:
  id: contact_block
  label: 'Contact Us'
  provider: contact_block
  label_display: visible
  contact_form: feedback
visibility:
  request_path:
    id: request_path
    pages: '<front>'
    negate: false
    context_mapping: {  }
